
Microsoft Visual Studio Solution File, Format Version 12.00
# Visual Studio Version 16
VisualStudioVersion = 16.0.30114.105
MinimumVisualStudioVersion = 10.0.40219.1
Project("{FAE04EC0-301F-11D3-BF4B-00C04F79EFBC}") = "Remove begining from strings", "Remove begining from strings\Remove begining from strings.csproj", "{D3BD14F2-70F0-487E-9DE3-2B8BB84DC9CD}"
EndProject
Global
	GlobalSection(SolutionConfigurationPlatforms) = preSolution
		Debug|Any CPU = Debug|Any CPU
		Release|Any CPU = Release|Any CPU
	EndGlobalSection
	GlobalSection(ProjectConfigurationPlatforms) = postSolution
		{D3BD14F2-70F0-487E-9DE3-2B8BB84DC9CD}.Debug|Any CPU.ActiveCfg = Debug|Any CPU
		{D3BD14F2-70F0-487E-9DE3-2B8BB84DC9CD}.Debug|Any CPU.Build.0 = Debug|Any CPU
		{D3BD14F2-70F0-487E-9DE3-2B8BB84DC9CD}.Release|Any CPU.ActiveCfg = Release|Any CPU
		{D3BD14F2-70F0-487E-9DE3-2B8BB84DC9CD}.Release|Any CPU.Build.0 = Release|Any CPU
	EndGlobalSection
	GlobalSection(SolutionProperties) = preSolution
		HideSolutionNode = FALSE
	EndGlobalSection
	GlobalSection(ExtensibilityGlobals) = postSolution
		SolutionGuid = {8981F749-1261-4A05-9E99-12688438945A}
	EndGlobalSection
EndGlobal
